// !$*UTF8*$!
{
	archiveVersion = 1;
	classes = {
	};
	objectVersion = 50;
	objects = {

/* Begin PBXBuildFile section */
		26C28C123B581A7BD23D49F5 /* Pods_SplitRoomBillTests.framework in Frameworks */ = {isa = PBXBuildFile; fileRef = 851B5D8D8205BC6F2A9533C7 /* Pods_SplitRoomBillTests.framework */; };
		76449840A1DF21FAD2F7C659 /* Pods_SplitRoomBillUITests.framework in Frameworks */ = {isa = PBXBuildFile; fileRef = 71CE868F3B61D8BDDF9C7EE1 /* Pods_SplitRoomBillUITests.framework */; };
		A99880FC661A84FBA52B3F71 /* Pods_SplitRoomBill.framework in Frameworks */ = {isa = PBXBuildFile; fileRef = 97699A2A87A49BA4B9150F0F /* Pods_SplitRoomBill.framework */; };
		AB7BC70C215637B5008D98B6 /* AppDelegate.swift in Sources */ = {isa = PBXBuildFile; fileRef = AB7BC70B215637B5008D98B6 /* AppDelegate.swift */; };
		AB7BC70E215637B5008D98B6 /* ViewController.swift in Sources */ = {isa = PBXBuildFile; fileRef = AB7BC70D215637B5008D98B6 /* ViewController.swift */; };
		AB7BC711215637B5008D98B6 /* Main.storyboard in Resources */ = {isa = PBXBuildFile; fileRef = AB7BC70F215637B5008D98B6 /* Main.storyboard */; };
		AB7BC713215637B7008D98B6 /* Assets.xcassets in Resources */ = {isa = PBXBuildFile; fileRef = AB7BC712215637B7008D98B6 /* Assets.xcassets */; };
		AB7BC716215637B7008D98B6 /* LaunchScreen.storyboard in Resources */ = {isa = PBXBuildFile; fileRef = AB7BC714215637B7008D98B6 /* LaunchScreen.storyboard */; };
		AB7BC721215637B8008D98B6 /* SplitRoomBillTests.swift in Sources */ = {isa = PBXBuildFile; fileRef = AB7BC720215637B8008D98B6 /* SplitRoomBillTests.swift */; };
		AB7BC72C215637B8008D98B6 /* SplitRoomBillUITests.swift in Sources */ = {isa = PBXBuildFile; fileRef = AB7BC72B215637B8008D98B6 /* SplitRoomBillUITests.swift */; };
/* End PBXBuildFile section */

/* Begin PBXContainerItemProxy section */
		AB7BC71D215637B8008D98B6 /* PBXContainerItemProxy */ = {
			isa = PBXContainerItemProxy;
			containerPortal = AB7BC700215637B5008D98B6 /* Project object */;
			proxyType = 1;
			remoteGlobalIDString = AB7BC707215637B5008D98B6;
			remoteInfo = SplitRoomBill;
		};
		AB7BC728215637B8008D98B6 /* PBXContainerItemProxy */ = {
			isa = PBXContainerItemProxy;
			containerPortal = AB7BC700215637B5008D98B6 /* Project object */;
			proxyType = 1;
			remoteGlobalIDString = AB7BC707215637B5008D98B6;
			remoteInfo = SplitRoomBill;
		};
/* End PBXContainerItemProxy section */

/* Begin PBXFileReference section */
		1414EB000D41E69FE73E1FC0 /* Pods-SplitRoomBillTests.debug.xcconfig */ = {isa = PBXFileReference; includeInIndex = 1; lastKnownFileType = text.xcconfig; name = "Pods-SplitRoomBillTests.debug.xcconfig"; path = "Pods/Target Support Files/Pods-SplitRoomBillTests/Pods-SplitRoomBillTests.debug.xcconfig"; sourceTree = "<group>"; };
		27EBC635E6C486E5DCF4F6A7 /* Pods-SplitRoomBillUITests.debug.xcconfig */ = {isa = PBXFileReference; includeInIndex = 1; lastKnownFileType = text.xcconfig; name = "Pods-SplitRoomBillUITests.debug.xcconfig"; path = "Pods/Target Support Files/Pods-SplitRoomBillUITests/Pods-SplitRoomBillUITests.debug.xcconfig"; sourceTree = "<group>"; };
		71CE868F3B61D8BDDF9C7EE1 /* Pods_SplitRoomBillUITests.framework */ = {isa = PBXFileReference; explicitFileType = wrapper.framework; includeInIndex = 0; path = Pods_SplitRoomBillUITests.framework; sourceTree = BUILT_PRODUCTS_DIR; };
		8425B34CE14523B76E46FE94 /* Pods-SplitRoomBill.release.xcconfig */ = {isa = PBXFileReference; includeInIndex = 1; lastKnownFileType = text.xcconfig; name = "Pods-SplitRoomBill.release.xcconfig"; path = "Pods/Target Support Files/Pods-SplitRoomBill/Pods-SplitRoomBill.release.xcconfig"; sourceTree = "<group>"; };
		851B5D8D8205BC6F2A9533C7 /* Pods_SplitRoomBillTests.framework */ = {isa = PBXFileReference; explicitFileType = wrapper.framework; includeInIndex = 0; path = Pods_SplitRoomBillTests.framework; sourceTree = BUILT_PRODUCTS_DIR; };
		97699A2A87A49BA4B9150F0F /* Pods_SplitRoomBill.framework */ = {isa = PBXFileReference; explicitFileType = wrapper.framework; includeInIndex = 0; path = Pods_SplitRoomBill.framework; sourceTree = BUILT_PRODUCTS_DIR; };
		AB7BC708215637B5008D98B6 /* SplitRoomBill.app */ = {isa = PBXFileReference; explicitFileType = wrapper.application; includeInIndex = 0; path = SplitRoomBill.app; sourceTree = BUILT_PRODUCTS_DIR; };
		AB7BC70B215637B5008D98B6 /* AppDelegate.swift */ = {isa = PBXFileReference; lastKnownFileType = sourcecode.swift; path = AppDelegate.swift; sourceTree = "<group>"; };
		AB7BC70D215637B5008D98B6 /* ViewController.swift */ = {isa = PBXFileReference; lastKnownFileType = sourcecode.swift; path = ViewController.swift; sourceTree = "<group>"; };
		AB7BC710215637B5008D98B6 /* Base */ = {isa = PBXFileReference; lastKnownFileType = file.storyboard; name = Base; path = Base.lproj/Main.storyboard; sourceTree = "<group>"; };
		AB7BC712215637B7008D98B6 /* Assets.xcassets */ = {isa = PBXFileReference; lastKnownFileType = folder.assetcatalog; path = Assets.xcassets; sourceTree = "<group>"; };
		AB7BC715215637B7008D98B6 /* Base */ = {isa = PBXFileReference; lastKnownFileType = file.storyboard; name = Base; path = Base.lproj/LaunchScreen.storyboard; sourceTree = "<group>"; };
		AB7BC717215637B8008D98B6 /* Info.plist */ = {isa = PBXFileReference; lastKnownFileType = text.plist.xml; path = Info.plist; sourceTree = "<group>"; };
		AB7BC71C215637B8008D98B6 /* SplitRoomBillTests.xctest */ = {isa = PBXFileReference; explicitFileType = wrapper.cfbundle; includeInIndex = 0; path = SplitRoomBillTests.xctest; sourceTree = BUILT_PRODUCTS_DIR; };
		AB7BC720215637B8008D98B6 /* SplitRoomBillTests.swift */ = {isa = PBXFileReference; lastKnownFileType = sourcecode.swift; path = SplitRoomBillTests.swift; sourceTree = "<group>"; };
		AB7BC722215637B8008D98B6 /* Info.plist */ = {isa = PBXFileReference; lastKnownFileType = text.plist.xml; path = Info.plist; sourceTree = "<group>"; };
		AB7BC727215637B8008D98B6 /* SplitRoomBillUITests.xctest */ = {isa = PBXFileReference; explicitFileType = wrapper.cfbundle; includeInIndex = 0; path = SplitRoomBillUITests.xctest; sourceTree = BUILT_PRODUCTS_DIR; };
		AB7BC72B215637B8008D98B6 /* SplitRoomBillUITests.swift */ = {isa = PBXFileReference; lastKnownFileType = sourcecode.swift; path = SplitRoomBillUITests.swift; sourceTree = "<group>"; };
		AB7BC72D215637B8008D98B6 /* Info.plist */ = {isa = PBXFileReference; lastKnownFileType = text.plist.xml; path = Info.plist; sourceTree = "<group>"; };
		BC09EE75C765392EC51F7EAF /* Pods-SplitRoomBillUITests.release.xcconfig */ = {isa = PBXFileReference; includeInIndex = 1; lastKnownFileType = text.xcconfig; name = "Pods-SplitRoomBillUITests.release.xcconfig"; path = "Pods/Target Support Files/Pods-SplitRoomBillUITests/Pods-SplitRoomBillUITests.release.xcconfig"; sourceTree = "<group>"; };
		BF258CC02834C8D03B16CD18 /* Pods-SplitRoomBillTests.release.xcconfig */ = {isa = PBXFileReference; includeInIndex = 1; lastKnownFileType = text.xcconfig; name = "Pods-SplitRoomBillTests.release.xcconfig"; path = "Pods/Target Support Files/Pods-SplitRoomBillTests/Pods-SplitRoomBillTests.release.xcconfig"; sourceTree = "<group>"; };
		D6CAC155964F6768D76D6D67 /* Pods-SplitRoomBill.debug.xcconfig */ = {isa = PBXFileReference; includeInIndex = 1; lastKnownFileType = text.xcconfig; name = "Pods-SplitRoomBill.debug.xcconfig"; path = "Pods/Target Support Files/Pods-SplitRoomBill/Pods-SplitRoomBill.debug.xcconfig"; sourceTree = "<group>"; };
/* End PBXFileReference section */

/* Begin PBXFrameworksBuildPhase section */
		AB7BC705215637B5008D98B6 /* Frameworks */ = {
			isa = PBXFrameworksBuildPhase;
			buildActionMask = 2147483647;
			files = (
				A99880FC661A84FBA52B3F71 /* Pods_SplitRoomBill.framework in Frameworks */,
			);
			runOnlyForDeploymentPostprocessing = 0;
		};
		AB7BC719215637B8008D98B6 /* Frameworks */ = {
			isa = PBXFrameworksBuildPhase;
			buildActionMask = 2147483647;
			files = (
				26C28C123B581A7BD23D49F5 /* Pods_SplitRoomBillTests.framework in Frameworks */,
			);
			runOnlyForDeploymentPostprocessing = 0;
		};
		AB7BC724215637B8008D98B6 /* Frameworks */ = {
			isa = PBXFrameworksBuildPhase;
			buildActionMask = 2147483647;
			files = (
				76449840A1DF21FAD2F7C659 /* Pods_SplitRoomBillUITests.framework in Frameworks */,
			);
			runOnlyForDeploymentPostprocessing = 0;
		};
/* End PBXFrameworksBuildPhase section */

/* Begin PBXGroup section */
		815CAD86820395F76AC087C4 /* Pods */ = {
			isa = PBXGroup;
			children = (
				D6CAC155964F6768D76D6D67 /* Pods-SplitRoomBill.debug.xcconfig */,
				8425B34CE14523B76E46FE94 /* Pods-SplitRoomBill.release.xcconfig */,
				1414EB000D41E69FE73E1FC0 /* Pods-SplitRoomBillTests.debug.xcconfig */,
				BF258CC02834C8D03B16CD18 /* Pods-SplitRoomBillTests.release.xcconfig */,
				27EBC635E6C486E5DCF4F6A7 /* Pods-SplitRoomBillUITests.debug.xcconfig */,
				BC09EE75C765392EC51F7EAF /* Pods-SplitRoomBillUITests.release.xcconfig */,
			);
			name = Pods;
			sourceTree = "<group>";
		};
		AB7BC6FF215637B5008D98B6 = {
			isa = PBXGroup;
			children = (
				AB7BC70A215637B5008D98B6 /* SplitRoomBill */,
				AB7BC71F215637B8008D98B6 /* SplitRoomBillTests */,
				AB7BC72A215637B8008D98B6 /* SplitRoomBillUITests */,
				AB7BC709215637B5008D98B6 /* Products */,
				815CAD86820395F76AC087C4 /* Pods */,
				BE94CA04811EC71BDFBDB4DA /* Frameworks */,
			);
			sourceTree = "<group>";
		};
		AB7BC709215637B5008D98B6 /* Products */ = {
			isa = PBXGroup;
			children = (
				AB7BC708215637B5008D98B6 /* SplitRoomBill.app */,
				AB7BC71C215637B8008D98B6 /* SplitRoomBillTests.xctest */,
				AB7BC727215637B8008D98B6 /* SplitRoomBillUITests.xctest */,
			);
			name = Products;
			sourceTree = "<group>";
		};
		AB7BC70A215637B5008D98B6 /* SplitRoomBill */ = {
			isa = PBXGroup;
			children = (
				AB7BC70B215637B5008D98B6 /* AppDelegate.swift */,
				AB7BC70D215637B5008D98B6 /* ViewController.swift */,
				AB7BC70F215637B5008D98B6 /* Main.storyboard */,
				AB7BC712215637B7008D98B6 /* Assets.xcassets */,
				AB7BC714215637B7008D98B6 /* LaunchScreen.storyboard */,
				AB7BC717215637B8008D98B6 /* Info.plist */,
			);
			path = SplitRoomBill;
			sourceTree = "<group>";
		};
		AB7BC71F215637B8008D98B6 /* SplitRoomBillTests */ = {
			isa = PBXGroup;
			children = (
				AB7BC720215637B8008D98B6 /* SplitRoomBillTests.swift */,
				AB7BC722215637B8008D98B6 /* Info.plist */,
			);
			path = SplitRoomBillTests;
			sourceTree = "<group>";
		};
		AB7BC72A215637B8008D98B6 /* SplitRoomBillUITests */ = {
			isa = PBXGroup;
			children = (
				AB7BC72B215637B8008D98B6 /* SplitRoomBillUITests.swift */,
				AB7BC72D215637B8008D98B6 /* Info.plist */,
			);
			path = SplitRoomBillUITests;
			sourceTree = "<group>";
		};
		BE94CA04811EC71BDFBDB4DA /* Frameworks */ = {
			isa = PBXGroup;
			children = (
				97699A2A87A49BA4B9150F0F /* Pods_SplitRoomBill.framework */,
				851B5D8D8205BC6F2A9533C7 /* Pods_SplitRoomBillTests.framework */,
				71CE868F3B61D8BDDF9C7EE1 /* Pods_SplitRoomBillUITests.framework */,
			);
			name = Frameworks;
			sourceTree = "<group>";
		};
/* End PBXGroup section */

/* Begin PBXNativeTarget section */
		AB7BC707215637B5008D98B6 /* SplitRoomBill */ = {
			isa = PBXNativeTarget;
			buildConfigurationList = AB7BC730215637B8008D98B6 /* Build configuration list for PBXNativeTarget "SplitRoomBill" */;
			buildPhases = (
				5D40B773FBA001A9A4D06D3A /* [CP] Check Pods Manifest.lock */,
				AB7BC704215637B5008D98B6 /* Sources */,
				AB7BC705215637B5008D98B6 /* Frameworks */,
				AB7BC706215637B5008D98B6 /* Resources */,
				58F0E91719A2EDEC803C5124 /* [CP] Embed Pods Frameworks */,
			);
			buildRules = (
			);
			dependencies = (
			);
			name = SplitRoomBill;
			productName = SplitRoomBill;
			productReference = AB7BC708215637B5008D98B6 /* SplitRoomBill.app */;
			productType = "com.apple.product-type.application";
		};
		AB7BC71B215637B8008D98B6 /* SplitRoomBillTests */ = {
			isa = PBXNativeTarget;
			buildConfigurationList = AB7BC733215637B8008D98B6 /* Build configuration list for PBXNativeTarget "SplitRoomBillTests" */;
			buildPhases = (
				0295277373B45AD5BD9BFAA8 /* [CP] Check Pods Manifest.lock */,
				AB7BC718215637B8008D98B6 /* Sources */,
				AB7BC719215637B8008D98B6 /* Frameworks */,
				AB7BC71A215637B8008D98B6 /* Resources */,
			);
			buildRules = (
			);
			dependencies = (
				AB7BC71E215637B8008D98B6 /* PBXTargetDependency */,
			);
			name = SplitRoomBillTests;
			productName = SplitRoomBillTests;
			productReference = AB7BC71C215637B8008D98B6 /* SplitRoomBillTests.xctest */;
			productType = "com.apple.product-type.bundle.unit-test";
		};
		AB7BC726215637B8008D98B6 /* SplitRoomBillUITests */ = {
			isa = PBXNativeTarget;
			buildConfigurationList = AB7BC736215637B8008D98B6 /* Build configuration list for PBXNativeTarget "SplitRoomBillUITests" */;
			buildPhases = (
				A3FC4EB5DCC52106833A9304 /* [CP] Check Pods Manifest.lock */,
				AB7BC723215637B8008D98B6 /* Sources */,
				AB7BC724215637B8008D98B6 /* Frameworks */,
				AB7BC725215637B8008D98B6 /* Resources */,
			);
			buildRules = (
			);
			dependencies = (
				AB7BC729215637B8008D98B6 /* PBXTargetDependency */,
			);
			name = SplitRoomBillUITests;
			productName = SplitRoomBillUITests;
			productReference = AB7BC727215637B8008D98B6 /* SplitRoomBillUITests.xctest */;
			productType = "com.apple.product-type.bundle.ui-testing";
		};
/* End PBXNativeTarget section */

/* Begin PBXProject section */
		AB7BC700215637B5008D98B6 /* Project object */ = {
			isa = PBXProject;
			attributes = {
				LastSwiftUpdateCheck = 0940;
				LastUpgradeCheck = 0940;
				ORGANIZATIONNAME = girishbodhe;
				TargetAttributes = {
					AB7BC707215637B5008D98B6 = {
						CreatedOnToolsVersion = 9.4.1;
					};
					AB7BC71B215637B8008D98B6 = {
						CreatedOnToolsVersion = 9.4.1;
						TestTargetID = AB7BC707215637B5008D98B6;
					};
					AB7BC726215637B8008D98B6 = {
						CreatedOnToolsVersion = 9.4.1;
						TestTargetID = AB7BC707215637B5008D98B6;
					};
				};
			};
			buildConfigurationList = AB7BC703215637B5008D98B6 /* Build configuration list for PBXProject "SplitRoomBill" */;
			compatibilityVersion = "Xcode 9.3";
			developmentRegion = en;
			hasScannedForEncodings = 0;
			knownRegions = (
				en,
				Base,
			);
			mainGroup = AB7BC6FF215637B5008D98B6;
			productRefGroup = AB7BC709215637B5008D98B6 /* Products */;
			projectDirPath = "";
			projectRoot = "";
			targets = (
				AB7BC707215637B5008D98B6 /* SplitRoomBill */,
				AB7BC71B215637B8008D98B6 /* SplitRoomBillTests */,
				AB7BC726215637B8008D98B6 /* SplitRoomBillUITests */,
			);
		};
/* End PBXProject section */

/* Begin PBXResourcesBuildPhase section */
		AB7BC706215637B5008D98B6 /* Resources */ = {
			isa = PBXResourcesBuildPhase;
			buildActionMask = 2147483647;
			files = (
				AB7BC716215637B7008D98B6 /* LaunchScreen.storyboard in Resources */,
				AB7BC713215637B7008D98B6 /* Assets.xcassets in Resources */,
				AB7BC711215637B5008D98B6 /* Main.storyboard in Resources */,
			);
			runOnlyForDeploymentPostprocessing = 0;
		};
		AB7BC71A215637B8008D98B6 /* Resources */ = {
			isa = PBXResourcesBuildPhase;
			buildActionMask = 2147483647;
			files = (
			);
			runOnlyForDeploymentPostprocessing = 0;
		};
		AB7BC725215637B8008D98B6 /* Resources */ = {
			isa = PBXResourcesBuildPhase;
			buildActionMask = 2147483647;
			files = (
			);
			runOnlyForDeploymentPostprocessing = 0;
		};
/* End PBXResourcesBuildPhase section */

/* Begin PBXShellScriptBuildPhase section */
		0295277373B45AD5BD9BFAA8 /* [CP] Check Pods Manifest.lock */ = {
			isa = PBXShellScriptBuildPhase;
			buildActionMask = 2147483647;
			files = (
			);
			inputFileListPaths = (
			);
			inputPaths = (
				"${PODS_PODFILE_DIR_PATH}/Podfile.lock",
				"${PODS_ROOT}/Manifest.lock",
			);
			name = "[CP] Check Pods Manifest.lock";
			outputFileListPaths = (
			);
			outputPaths = (
				"$(DERIVED_FILE_DIR)/Pods-SplitRoomBillTests-checkManifestLockResult.txt",
			);
			runOnlyForDeploymentPostprocessing = 0;
			shellPath = /bin/sh;
			shellScript = "diff \"${PODS_PODFILE_DIR_PATH}/Podfile.lock\" \"${PODS_ROOT}/Manifest.lock\" > /dev/null\nif [ $? != 0 ] ; then\n    # print error to STDERR\n    echo \"error: The sandbox is not in sync with the Podfile.lock. Run 'pod install' or update your CocoaPods installation.\" >&2\n    exit 1\nfi\n# This output is used by Xcode 'outputs' to avoid re-running this script phase.\necho \"SUCCESS\" > \"${SCRIPT_OUTPUT_FILE_0}\"\n";
			showEnvVarsInLog = 0;
		};
		58F0E91719A2EDEC803C5124 /* [CP] Embed Pods Frameworks */ = {
			isa = PBXShellScriptBuildPhase;
			buildActionMask = 2147483647;
			files = (
			);
			inputFileListPaths = (
			);
			inputPaths = (
				"${SRCROOT}/Pods/Target Support Files/Pods-SplitRoomBill/Pods-SplitRoomBill-frameworks.sh",
				"${BUILT_PRODUCTS_DIR}/Bolts/Bolts.framework",
				"${BUILT_PRODUCTS_DIR}/BoringSSL/openssl.framework",
				"${BUILT_PRODUCTS_DIR}/FBSDKCoreKit/FBSDKCoreKit.framework",
				"${BUILT_PRODUCTS_DIR}/FBSDKLoginKit/FBSDKLoginKit.framework",
				"${BUILT_PRODUCTS_DIR}/GTMSessionFetcher/GTMSessionFetcher.framework",
				"${BUILT_PRODUCTS_DIR}/GoogleUtilities/GoogleUtilities.framework",
				"${BUILT_PRODUCTS_DIR}/Protobuf/Protobuf.framework",
				"${BUILT_PRODUCTS_DIR}/RxCocoa/RxCocoa.framework",
				"${BUILT_PRODUCTS_DIR}/RxSwift/RxSwift.framework",
				"${BUILT_PRODUCTS_DIR}/SkyFloatingLabelTextField/SkyFloatingLabelTextField.framework",
				"${BUILT_PRODUCTS_DIR}/gRPC/GRPCClient.framework",
				"${BUILT_PRODUCTS_DIR}/gRPC-C++/grpcpp.framework",
				"${BUILT_PRODUCTS_DIR}/gRPC-Core/grpc.framework",
				"${BUILT_PRODUCTS_DIR}/gRPC-ProtoRPC/ProtoRPC.framework",
				"${BUILT_PRODUCTS_DIR}/gRPC-RxLibrary/RxLibrary.framework",
				"${BUILT_PRODUCTS_DIR}/leveldb-library/leveldb.framework",
				"${BUILT_PRODUCTS_DIR}/nanopb/nanopb.framework",
			);
			name = "[CP] Embed Pods Frameworks";
			outputFileListPaths = (
			);
			outputPaths = (
				"${TARGET_BUILD_DIR}/${FRAMEWORKS_FOLDER_PATH}/Bolts.framework",
				"${TARGET_BUILD_DIR}/${FRAMEWORKS_FOLDER_PATH}/openssl.framework",
				"${TARGET_BUILD_DIR}/${FRAMEWORKS_FOLDER_PATH}/FBSDKCoreKit.framework",
				"${TARGET_BUILD_DIR}/${FRAMEWORKS_FOLDER_PATH}/FBSDKLoginKit.framework",
				"${TARGET_BUILD_DIR}/${FRAMEWORKS_FOLDER_PATH}/GTMSessionFetcher.framework",
				"${TARGET_BUILD_DIR}/${FRAMEWORKS_FOLDER_PATH}/GoogleUtilities.framework",
				"${TARGET_BUILD_DIR}/${FRAMEWORKS_FOLDER_PATH}/Protobuf.framework",
				"${TARGET_BUILD_DIR}/${FRAMEWORKS_FOLDER_PATH}/RxCocoa.framework",
				"${TARGET_BUILD_DIR}/${FRAMEWORKS_FOLDER_PATH}/RxSwift.framework",
				"${TARGET_BUILD_DIR}/${FRAMEWORKS_FOLDER_PATH}/SkyFloatingLabelTextField.framework",
				"${TARGET_BUILD_DIR}/${FRAMEWORKS_FOLDER_PATH}/GRPCClient.framework",
				"${TARGET_BUILD_DIR}/${FRAMEWORKS_FOLDER_PATH}/grpcpp.framework",
				"${TARGET_BUILD_DIR}/${FRAMEWORKS_FOLDER_PATH}/grpc.framework",
				"${TARGET_BUILD_DIR}/${FRAMEWORKS_FOLDER_PATH}/ProtoRPC.framework",
				"${TARGET_BUILD_DIR}/${FRAMEWORKS_FOLDER_PATH}/RxLibrary.framework",
				"${TARGET_BUILD_DIR}/${FRAMEWORKS_FOLDER_PATH}/leveldb.framework",
				"${TARGET_BUILD_DIR}/${FRAMEWORKS_FOLDER_PATH}/nanopb.framework",
			);
			runOnlyForDeploymentPostprocessing = 0;
			shellPath = /bin/sh;
			shellScript = "\"${SRCROOT}/Pods/Target Support Files/Pods-SplitRoomBill/Pods-SplitRoomBill-frameworks.sh\"\n";
			showEnvVarsInLog = 0;
		};
		5D40B773FBA001A9A4D06D3A /* [CP] Check Pods Manifest.lock */ = {
			isa = PBXShellScriptBuildPhase;
			buildActionMask = 2147483647;
			files = (
			);
			inputFileListPaths = (
			);
			inputPaths = (
				"${PODS_PODFILE_DIR_PATH}/Podfile.lock",
				"${PODS_ROOT}/Manifest.lock",
			);
			name = "[CP] Check Pods Manifest.lock";
			outputFileListPaths = (
			);
			outputPaths = (
				"$(DERIVED_FILE_DIR)/Pods-SplitRoomBill-checkManifestLockResult.txt",
			);
			runOnlyForDeploymentPostprocessing = 0;
			shellPath = /bin/sh;
			shellScript = "diff \"${PODS_PODFILE_DIR_PATH}/Podfile.lock\" \"${PODS_ROOT}/Manifest.lock\" > /dev/null\nif [ $? != 0 ] ; then\n    # print error to STDERR\n    echo \"error: The sandbox is not in sync with the Podfile.lock. Run 'pod install' or update your CocoaPods installation.\" >&2\n    exit 1\nfi\n# This output is used by Xcode 'outputs' to avoid re-running this script phase.\necho \"SUCCESS\" > \"${SCRIPT_OUTPUT_FILE_0}\"\n";
			showEnvVarsInLog = 0;
		};
		A3FC4EB5DCC52106833A9304 /* [CP] Check Pods Manifest.lock */ = {
			isa = PBXShellScriptBuildPhase;
			buildActionMask = 2147483647;
			files = (
			);
			inputFileListPaths = (
			);
			inputPaths = (
				"${PODS_PODFILE_DIR_PATH}/Podfile.lock",
				"${PODS_ROOT}/Manifest.lock",
			);
			name = "[CP] Check Pods Manifest.lock";
			outputFileListPaths = (
			);
			outputPaths = (
				"$(DERIVED_FILE_DIR)/Pods-SplitRoomBillUITests-checkManifestLockResult.txt",
			);
			runOnlyForDeploymentPostprocessing = 0;
			shellPath = /bin/sh;
			shellScript = "diff \"${PODS_PODFILE_DIR_PATH}/Podfile.lock\" \"${PODS_ROOT}/Manifest.lock\" > /dev/null\nif [ $? != 0 ] ; then\n    # print error to STDERR\n    echo \"error: The sandbox is not in sync with the Podfile.lock. Run 'pod install' or update your CocoaPods installation.\" >&2\n    exit 1\nfi\n# This output is used by Xcode 'outputs' to avoid re-running this script phase.\necho \"SUCCESS\" > \"${SCRIPT_OUTPUT_FILE_0}\"\n";
			showEnvVarsInLog = 0;
		};
/* End PBXShellScriptBuildPhase section */

/* Begin PBXSourcesBuildPhase section */
		AB7BC704215637B5008D98B6 /* Sources */ = {
			isa = PBXSourcesBuildPhase;
			buildActionMask = 2147483647;
			files = (
				AB7BC70E215637B5008D98B6 /* ViewController.swift in Sources */,
				AB7BC70C215637B5008D98B6 /* AppDelegate.swift in Sources */,
			);
			runOnlyForDeploymentPostprocessing = 0;
		};
		AB7BC718215637B8008D98B6 /* Sources */ = {
			isa = PBXSourcesBuildPhase;
			buildActionMask = 2147483647;
			files = (
				AB7BC721215637B8008D98B6 /* SplitRoomBillTests.swift in Sources */,
			);
			runOnlyForDeploymentPostprocessing = 0;
		};
		AB7BC723215637B8008D98B6 /* Sources */ = {
			isa = PBXSourcesBuildPhase;
			buildActionMask = 2147483647;
			files = (
				AB7BC72C215637B8008D98B6 /* SplitRoomBillUITests.swift in Sources */,
			);
			runOnlyForDeploymentPostprocessing = 0;
		};
/* End PBXSourcesBuildPhase section */

/* Begin PBXTargetDependency section */
		AB7BC71E215637B8008D98B6 /* PBXTargetDependency */ = {
			isa = PBXTargetDependency;
			target = AB7BC707215637B5008D98B6 /* SplitRoomBill */;
			targetProxy = AB7BC71D215637B8008D98B6 /* PBXContainerItemProxy */;
		};
		AB7BC729215637B8008D98B6 /* PBXTargetDependency */ = {
			isa = PBXTargetDependency;
			target = AB7BC707215637B5008D98B6 /* SplitRoomBill */;
			targetProxy = AB7BC728215637B8008D98B6 /* PBXContainerItemProxy */;
		};
/* End PBXTargetDependency section */

/* Begin PBXVariantGroup section */
		AB7BC70F215637B5008D98B6 /* Main.storyboard */ = {
			isa = PBXVariantGroup;
			children = (
				AB7BC710215637B5008D98B6 /* Base */,
			);
			name = Main.storyboard;
			sourceTree = "<group>";
		};
		AB7BC714215637B7008D98B6 /* LaunchScreen.storyboard */ = {
			isa = PBXVariantGroup;
			children = (
				AB7BC715215637B7008D98B6 /* Base */,
			);
			name = LaunchScreen.storyboard;
			sourceTree = "<group>";
		};
/* End PBXVariantGroup section */

/* Begin XCBuildConfiguration section */
		AB7BC72E215637B8008D98B6 /* Debug */ = {
			isa = XCBuildConfiguration;
			buildSettings = {
				ALWAYS_SEARCH_USER_PATHS = NO;
				CLANG_ANALYZER_NONNULL = YES;
				CLANG_ANALYZER_NUMBER_OBJECT_CONVERSION = YES_AGGRESSIVE;
				CLANG_CXX_LANGUAGE_STANDARD = "gnu++14";
				CLANG_CXX_LIBRARY = "libc++";
				CLANG_ENABLE_MODULES = YES;
				CLANG_ENABLE_OBJC_ARC = YES;
				CLANG_ENABLE_OBJC_WEAK = YES;
				CLANG_WARN_BLOCK_CAPTURE_AUTORELEASING = YES;
				CLANG_WARN_BOOL_CONVERSION = YES;
				CLANG_WARN_COMMA = YES;
				CLANG_WARN_CONSTANT_CONVERSION = YES;
				CLANG_WARN_DEPRECATED_OBJC_IMPLEMENTATIONS = YES;
				CLANG_WARN_DIRECT_OBJC_ISA_USAGE = YES_ERROR;
				CLANG_WARN_DOCUMENTATION_COMMENTS = YES;
				CLANG_WARN_EMPTY_BODY = YES;
				CLANG_WARN_ENUM_CONVERSION = YES;
				CLANG_WARN_INFINITE_RECURSION = YES;
				CLANG_WARN_INT_CONVERSION = YES;
				CLANG_WARN_NON_LITERAL_NULL_CONVERSION = YES;
				CLANG_WARN_OBJC_IMPLICIT_RETAIN_SELF = YES;
				CLANG_WARN_OBJC_LITERAL_CONVERSION = YES;
				CLANG_WARN_OBJC_ROOT_CLASS = YES_ERROR;
				CLANG_WARN_RANGE_LOOP_ANALYSIS = YES;
				CLANG_WARN_STRICT_PROTOTYPES = YES;
				CLANG_WARN_SUSPICIOUS_MOVE = YES;
				CLANG_WARN_UNGUARDED_AVAILABILITY = YES_AGGRESSIVE;
				CLANG_WARN_UNREACHABLE_CODE = YES;
				CLANG_WARN__DUPLICATE_METHOD_MATCH = YES;
				CODE_SIGN_IDENTITY = "iPhone Developer";
				COPY_PHASE_STRIP = NO;
				DEBUG_INFORMATION_FORMAT = dwarf;
				ENABLE_STRICT_OBJC_MSGSEND = YES;
				ENABLE_TESTABILITY = YES;
				GCC_C_LANGUAGE_STANDARD = gnu11;
				GCC_DYNAMIC_NO_PIC = NO;
				GCC_NO_COMMON_BLOCKS = YES;
				GCC_OPTIMIZATION_LEVEL = 0;
				GCC_PREPROCESSOR_DEFINITIONS = (
					"DEBUG=1",
					"$(inherited)",
				);
				GCC_WARN_64_TO_32_BIT_CONVERSION = YES;
				GCC_WARN_ABOUT_RETURN_TYPE = YES_ERROR;
				GCC_WARN_UNDECLARED_SELECTOR = YES;
				GCC_WARN_UNINITIALIZED_AUTOS = YES_AGGRESSIVE;
				GCC_WARN_UNUSED_FUNCTION = YES;
				GCC_WARN_UNUSED_VARIABLE = YES;
				IPHONEOS_DEPLOYMENT_TARGET = 11.4;
				MTL_ENABLE_DEBUG_INFO = YES;
				ONLY_ACTIVE_ARCH = YES;
				SDKROOT = iphoneos;
				SWIFT_ACTIVE_COMPILATION_CONDITIONS = DEBUG;
				SWIFT_OPTIMIZATION_LEVEL = "-Onone";
			};
			name = Debug;
		};
		AB7BC72F215637B8008D98B6 /* Release */ = {
			isa = XCBuildConfiguration;
			buildSettings = {
				ALWAYS_SEARCH_USER_PATHS = NO;
				CLANG_ANALYZER_NONNULL = YES;
				CLANG_ANALYZER_NUMBER_OBJECT_CONVERSION = YES_AGGRESSIVE;
				CLANG_CXX_LANGUAGE_STANDARD = "gnu++14";
				CLANG_CXX_LIBRARY = "libc++";
				CLANG_ENABLE_MODULES = YES;
				CLANG_ENABLE_OBJC_ARC = YES;
				CLANG_ENABLE_OBJC_WEAK = YES;
				CLANG_WARN_BLOCK_CAPTURE_AUTORELEASING = YES;
				CLANG_WARN_BOOL_CONVERSION = YES;
				CLANG_WARN_COMMA = YES;
				CLANG_WARN_CONSTANT_CONVERSION = YES;
				CLANG_WARN_DEPRECATED_OBJC_IMPLEMENTATIONS = YES;
				CLANG_WARN_DIRECT_OBJC_ISA_USAGE = YES_ERROR;
				CLANG_WARN_DOCUMENTATION_COMMENTS = YES;
				CLANG_WARN_EMPTY_BODY = YES;
				CLANG_WARN_ENUM_CONVERSION = YES;
				CLANG_WARN_INFINITE_RECURSION = YES;
				CLANG_WARN_INT_CONVERSION = YES;
				CLANG_WARN_NON_LITERAL_NULL_CONVERSION = YES;
				CLANG_WARN_OBJC_IMPLICIT_RETAIN_SELF = YES;
				CLANG_WARN_OBJC_LITERAL_CONVERSION = YES;
				CLANG_WARN_OBJC_ROOT_CLASS = YES_ERROR;
				CLANG_WARN_RANGE_LOOP_ANALYSIS = YES;
				CLANG_WARN_STRICT_PROTOTYPES = YES;
				CLANG_WARN_SUSPICIOUS_MOVE = YES;
				CLANG_WARN_UNGUARDED_AVAILABILITY = YES_AGGRESSIVE;
				CLANG_WARN_UNREACHABLE_CODE = YES;
				CLANG_WARN__DUPLICATE_METHOD_MATCH = YES;
				CODE_SIGN_IDENTITY = "iPhone Developer";
				COPY_PHASE_STRIP = NO;
				DEBUG_INFORMATION_FORMAT = "dwarf-with-dsym";
				ENABLE_NS_ASSERTIONS = NO;
				ENABLE_STRICT_OBJC_MSGSEND = YES;
				GCC_C_LANGUAGE_STANDARD = gnu11;
				GCC_NO_COMMON_BLOCKS = YES;
				GCC_WARN_64_TO_32_BIT_CONVERSION = YES;
				GCC_WARN_ABOUT_RETURN_TYPE = YES_ERROR;
				GCC_WARN_UNDECLARED_SELECTOR = YES;
				GCC_WARN_UNINITIALIZED_AUTOS = YES_AGGRESSIVE;
				GCC_WARN_UNUSED_FUNCTION = YES;
				GCC_WARN_UNUSED_VARIABLE = YES;
				IPHONEOS_DEPLOYMENT_TARGET = 11.4;
				MTL_ENABLE_DEBUG_INFO = NO;
				SDKROOT = iphoneos;
				SWIFT_COMPILATION_MODE = wholemodule;
				SWIFT_OPTIMIZATION_LEVEL = "-O";
				VALIDATE_PRODUCT = YES;
			};
			name = Release;
		};
		AB7BC731215637B8008D98B6 /* Debug */ = {
			isa = XCBuildConfiguration;
			baseConfigurationReference = D6CAC155964F6768D76D6D67 /* Pods-SplitRoomBill.debug.xcconfig */;
			buildSettings = {
				ASSETCATALOG_COMPILER_APPICON_NAME = AppIcon;
				CODE_SIGN_STYLE = Automatic;
				INFOPLIST_FILE = SplitRoomBill/Info.plist;
				LD_RUNPATH_SEARCH_PATHS = (
					"$(inherited)",
					"@executable_path/Frameworks",
				);
				PRODUCT_BUNDLE_IDENTIFIER = SRB.SplitRoomBill;
				PRODUCT_NAME = "$(TARGET_NAME)";
				SWIFT_VERSION = 4.0;
				TARGETED_DEVICE_FAMILY = "1,2";
			};
			name = Debug;
		};
		AB7BC732215637B8008D98B6 /* Release */ = {
			isa = XCBuildConfiguration;
			baseConfigurationReference = 8425B34CE14523B76E46FE94 /* Pods-SplitRoomBill.release.xcconfig */;
			buildSettings = {
				ASSETCATALOG_COMPILER_APPICON_NAME = AppIcon;
				CODE_SIGN_STYLE = Automatic;
				INFOPLIST_FILE = SplitRoomBill/Info.plist;
				LD_RUNPATH_SEARCH_PATHS = (
					"$(inherited)",
					"@executable_path/Frameworks",
				);
				PRODUCT_BUNDLE_IDENTIFIER = SRB.SplitRoomBill;
				PRODUCT_NAME = "$(TARGET_NAME)";
				SWIFT_VERSION = 4.0;
				TARGETED_DEVICE_FAMILY = "1,2";
			};
			name = Release;
		};
		AB7BC734215637B8008D98B6 /* Debug */ = {
			isa = XCBuildConfiguration;
			baseConfigurationReference = 1414EB000D41E69FE73E1FC0 /* Pods-SplitRoomBillTests.debug.xcconfig */;
			buildSettings = {
				ALWAYS_EMBED_SWIFT_STANDARD_LIBRARIES = YES;
				BUNDLE_LOADER = "$(TEST_HOST)";
				CODE_SIGN_STYLE = Automatic;
				INFOPLIST_FILE = SplitRoomBillTests/Info.plist;
				LD_RUNPATH_SEARCH_PATHS = (
					"$(inherited)",
					"@executable_path/Frameworks",
					"@loader_path/Frameworks",
				);
				PRODUCT_BUNDLE_IDENTIFIER = SRB.SplitRoomBillTests;
				PRODUCT_NAME = "$(TARGET_NAME)";
				SWIFT_VERSION = 4.0;
				TARGETED_DEVICE_FAMILY = "1,2";
				TEST_HOST = "$(BUILT_PRODUCTS_DIR)/SplitRoomBill.app/SplitRoomBill";
			};
			name = Debug;
		};
		AB7BC735215637B8008D98B6 /* Release */ = {
			isa = XCBuildConfiguration;
			baseConfigurationReference = BF258CC02834C8D03B16CD18 /* Pods-SplitRoomBillTests.release.xcconfig */;
			buildSettings = {
				ALWAYS_EMBED_SWIFT_STANDARD_LIBRARIES = YES;
				BUNDLE_LOADER = "$(TEST_HOST)";
				CODE_SIGN_STYLE = Automatic;
				INFOPLIST_FILE = SplitRoomBillTests/Info.plist;
				LD_RUNPATH_SEARCH_PATHS = (
					"$(inherited)",
					"@executable_path/Frameworks",
					"@loader_path/Frameworks",
				);
				PRODUCT_BUNDLE_IDENTIFIER = SRB.SplitRoomBillTests;
				PRODUCT_NAME = "$(TARGET_NAME)";
				SWIFT_VERSION = 4.0;
				TARGETED_DEVICE_FAMILY = "1,2";
				TEST_HOST = "$(BUILT_PRODUCTS_DIR)/SplitRoomBill.app/SplitRoomBill";
			};
			name = Release;
		};
		AB7BC737215637B8008D98B6 /* Debug */ = {
			isa = XCBuildConfiguration;
			baseConfigurationReference = 27EBC635E6C486E5DCF4F6A7 /* Pods-SplitRoomBillUITests.debug.xcconfig */;
			buildSettings = {
				ALWAYS_EMBED_SWIFT_STANDARD_LIBRARIES = YES;
				CODE_SIGN_STYLE = Automatic;
				INFOPLIST_FILE = SplitRoomBillUITests/Info.plist;
				LD_RUNPATH_SEARCH_PATHS = (
					"$(inherited)",
					"@executable_path/Frameworks",
					"@loader_path/Frameworks",
				);
				PRODUCT_BUNDLE_IDENTIFIER = SRB.SplitRoomBillUITests;
				PRODUCT_NAME = "$(TARGET_NAME)";
				SWIFT_VERSION = 4.0;
				TARGETED_DEVICE_FAMILY = "1,2";
				TEST_TARGET_NAME = SplitRoomBill;
			};
			name = Debug;
		};
		AB7BC738215637B8008D98B6 /* Release */ = {
			isa = XCBuildConfiguration;
			baseConfigurationReference = BC09EE75C765392EC51F7EAF /* Pods-SplitRoomBillUITests.release.xcconfig */;
			buildSettings = {
				ALWAYS_EMBED_SWIFT_STANDARD_LIBRARIES = YES;
				CODE_SIGN_STYLE = Automatic;
				INFOPLIST_FILE = SplitRoomBillUITests/Info.plist;
				LD_RUNPATH_SEARCH_PATHS = (
					"$(inherited)",
					"@executable_path/Frameworks",
					"@loader_path/Frameworks",
				);
				PRODUCT_BUNDLE_IDENTIFIER = SRB.SplitRoomBillUITests;
				PRODUCT_NAME = "$(TARGET_NAME)";
				SWIFT_VERSION = 4.0;
				TARGETED_DEVICE_FAMILY = "1,2";
				TEST_TARGET_NAME = SplitRoomBill;
			};
			name = Release;
		};
/* End XCBuildConfiguration section */

/* Begin XCConfigurationList section */
		AB7BC703215637B5008D98B6 /* Build configuration list for PBXProject "SplitRoomBill" */ = {
			isa = XCConfigurationList;
			buildConfigurations = (
				AB7BC72E215637B8008D98B6 /* Debug */,
				AB7BC72F215637B8008D98B6 /* Release */,
			);
			defaultConfigurationIsVisible = 0;
			defaultConfigurationName = Release;
		};
		AB7BC730215637B8008D98B6 /* Build configuration list for PBXNativeTarget "SplitRoomBill" */ = {
			isa = XCConfigurationList;
			buildConfigurations = (
				AB7BC731215637B8008D98B6 /* Debug */,
				AB7BC732215637B8008D98B6 /* Release */,
			);
			defaultConfigurationIsVisible = 0;
			defaultConfigurationName = Release;
		};
		AB7BC733215637B8008D98B6 /* Build configuration list for PBXNativeTarget "SplitRoomBillTests" */ = {
			isa = XCConfigurationList;
			buildConfigurations = (
				AB7BC734215637B8008D98B6 /* Debug */,
				AB7BC735215637B8008D98B6 /* Release */,
			);
			defaultConfigurationIsVisible = 0;
			defaultConfigurationName = Release;
		};
		AB7BC736215637B8008D98B6 /* Build configuration list for PBXNativeTarget "SplitRoomBillUITests" */ = {
			isa = XCConfigurationList;
			buildConfigurations = (
				AB7BC737215637B8008D98B6 /* Debug */,
				AB7BC738215637B8008D98B6 /* Release */,
			);
			defaultConfigurationIsVisible = 0;
			defaultConfigurationName = Release;
		};
/* End XCConfigurationList section */
	};
	rootObject = AB7BC700215637B5008D98B6 /* Project object */;
}
